// !$*UTF8*$!
{
	archiveVersion = 1;
	classes = {
	};
	objectVersion = 56;
	objects = {

/* Begin PBXBuildFile section */
		CE0763AB2B4C40D700F5F9D3 /* SingleImageViewController.swift in Sources */ = {isa = PBXBuildFile; fileRef = CE0763AA2B4C40D700F5F9D3 /* SingleImageViewController.swift */; };
		CE133E062B3D6EFC000957DA /* ProfileViewController.swift in Sources */ = {isa = PBXBuildFile; fileRef = CE133E052B3D6EFC000957DA /* ProfileViewController.swift */; };
		CE1EF0142BACC2E100863ED9 /* Notification.swift in Sources */ = {isa = PBXBuildFile; fileRef = CE1EF0132BACC2E100863ED9 /* Notification.swift */; };
		CE46F7862BA4A47500007CC7 /* ProfileImageService.swift in Sources */ = {isa = PBXBuildFile; fileRef = CE46F7852BA4A47500007CC7 /* ProfileImageService.swift */; };
		CE4F1A802B869C5000BE67FC /* ProgressHUD in Frameworks */ = {isa = PBXBuildFile; productRef = CE4F1A7F2B869C5000BE67FC /* ProgressHUD */; };
		CE4F1A822B8CEE8700BE67FC /* UIBlockingProgressHUD.swift in Sources */ = {isa = PBXBuildFile; fileRef = CE4F1A812B8CEE8700BE67FC /* UIBlockingProgressHUD.swift */; };
		CE4F1A842B8CFF1400BE67FC /* ProfileService.swift in Sources */ = {isa = PBXBuildFile; fileRef = CE4F1A832B8CFF1400BE67FC /* ProfileService.swift */; };
		CE4F1A872B8F263100BE67FC /* ProfileStructures.swift in Sources */ = {isa = PBXBuildFile; fileRef = CE4F1A862B8F263100BE67FC /* ProfileStructures.swift */; };
		CE4F1A892B922C1000BE67FC /* URLRequest.swift in Sources */ = {isa = PBXBuildFile; fileRef = CE4F1A882B922C1000BE67FC /* URLRequest.swift */; };
		CE4F1A8B2B94D41100BE67FC /* URLSession extension.swift in Sources */ = {isa = PBXBuildFile; fileRef = CE4F1A8A2B94D41100BE67FC /* URLSession extension.swift */; };
		CE69B5B52BB4398A00547235 /* Kingfisher in Frameworks */ = {isa = PBXBuildFile; productRef = CE69B5B42BB4398A00547235 /* Kingfisher */; };
		CE69B5B82BB744D300547235 /* SwiftKeychainWrapper in Frameworks */ = {isa = PBXBuildFile; productRef = CE69B5B72BB744D300547235 /* SwiftKeychainWrapper */; };
		CE69B5BB2BB9349800547235 /* TabBarController.swift in Sources */ = {isa = PBXBuildFile; fileRef = CE69B5BA2BB9349800547235 /* TabBarController.swift */; };
		CE69B5BD2BB962B300547235 /* UIColor.swift in Sources */ = {isa = PBXBuildFile; fileRef = CE69B5BC2BB962B300547235 /* UIColor.swift */; };
		CE80E6BF2B76DB9A0007CEED /* SplashViewController.swift in Sources */ = {isa = PBXBuildFile; fileRef = CE80E6BE2B76DB9A0007CEED /* SplashViewController.swift */; };
		CE97E6262B5C5DC500A24BEF /* Constants.swift in Sources */ = {isa = PBXBuildFile; fileRef = CE97E6252B5C5DC500A24BEF /* Constants.swift */; };
		CEA44A902B6C9CE400CC040B /* OAuth2Service.swift in Sources */ = {isa = PBXBuildFile; fileRef = CEA44A8F2B6C9CE400CC040B /* OAuth2Service.swift */; };
		CEB5D5772B75303000545F0D /* OAuth2TokenStorage.swift in Sources */ = {isa = PBXBuildFile; fileRef = CEB5D5762B75303000545F0D /* OAuth2TokenStorage.swift */; };
		CEB9AA342BE3AC7F00B2A574 /* SnakeCase.swift in Sources */ = {isa = PBXBuildFile; fileRef = CEB9AA332BE3AC7F00B2A574 /* SnakeCase.swift */; };
		CEB9AA362BEE443700B2A574 /* ResponseBody.swift in Sources */ = {isa = PBXBuildFile; fileRef = CEB9AA352BEE443700B2A574 /* ResponseBody.swift */; };
		CEC143062B1DF96F002A5C52 /* AppDelegate.swift in Sources */ = {isa = PBXBuildFile; fileRef = CEC143052B1DF96F002A5C52 /* AppDelegate.swift */; };
		CEC143082B1DF96F002A5C52 /* SceneDelegate.swift in Sources */ = {isa = PBXBuildFile; fileRef = CEC143072B1DF96F002A5C52 /* SceneDelegate.swift */; };
		CEC1430A2B1DF96F002A5C52 /* ImagesListViewController.swift in Sources */ = {isa = PBXBuildFile; fileRef = CEC143092B1DF96F002A5C52 /* ImagesListViewController.swift */; };
		CEC1430D2B1DF96F002A5C52 /* Main.storyboard in Resources */ = {isa = PBXBuildFile; fileRef = CEC1430B2B1DF96F002A5C52 /* Main.storyboard */; };
		CEC1430F2B1DF972002A5C52 /* Assets.xcassets in Resources */ = {isa = PBXBuildFile; fileRef = CEC1430E2B1DF972002A5C52 /* Assets.xcassets */; };
		CEC143122B1DF972002A5C52 /* LaunchScreen.storyboard in Resources */ = {isa = PBXBuildFile; fileRef = CEC143102B1DF972002A5C52 /* LaunchScreen.storyboard */; };
		CEC1431D2B1DF973002A5C52 /* ImageFeedTests.swift in Sources */ = {isa = PBXBuildFile; fileRef = CEC1431C2B1DF973002A5C52 /* ImageFeedTests.swift */; };
		CEC143272B1DF973002A5C52 /* ImageFeedUITests.swift in Sources */ = {isa = PBXBuildFile; fileRef = CEC143262B1DF973002A5C52 /* ImageFeedUITests.swift */; };
		CEC143292B1DF973002A5C52 /* ImageFeedUITestsLaunchTests.swift in Sources */ = {isa = PBXBuildFile; fileRef = CEC143282B1DF973002A5C52 /* ImageFeedUITestsLaunchTests.swift */; };
		CECB2C6E2B99C27200BFDAAC /* AlertModel.swift in Sources */ = {isa = PBXBuildFile; fileRef = CECB2C6D2B99C27200BFDAAC /* AlertModel.swift */; };
		CECB2C702B99C2BA00BFDAAC /* AlertPresenter.swift in Sources */ = {isa = PBXBuildFile; fileRef = CECB2C6F2B99C2BA00BFDAAC /* AlertPresenter.swift */; };
		CED5E4FA2B28A56F00CBC5EF /* ImagesListCell.swift in Sources */ = {isa = PBXBuildFile; fileRef = CED5E4F92B28A56F00CBC5EF /* ImagesListCell.swift */; };
		CEE2F33D2B5FE2460011C75B /* AuthViewController.swift in Sources */ = {isa = PBXBuildFile; fileRef = CEE2F33C2B5FE2460011C75B /* AuthViewController.swift */; };
		CEE2F3412B6014210011C75B /* WebViewViewController.swift in Sources */ = {isa = PBXBuildFile; fileRef = CEE2F3402B6014210011C75B /* WebViewViewController.swift */; };
		CEFF81FE2BBC7C8700AAF96C /* ImagesListService.swift in Sources */ = {isa = PBXBuildFile; fileRef = CEFF81FD2BBC7C8700AAF96C /* ImagesListService.swift */; };
		CEFF82002BBC7C9E00AAF96C /* ImageListStructures.swift in Sources */ = {isa = PBXBuildFile; fileRef = CEFF81FF2BBC7C9E00AAF96C /* ImageListStructures.swift */; };
/* End PBXBuildFile section */

/* Begin PBXContainerItemProxy section */
		CEC143192B1DF973002A5C52 /* PBXContainerItemProxy */ = {
			isa = PBXContainerItemProxy;
			containerPortal = CEC142FA2B1DF96F002A5C52 /* Project object */;
			proxyType = 1;
			remoteGlobalIDString = CEC143012B1DF96F002A5C52;
			remoteInfo = ImageFeed;
		};
		CEC143232B1DF973002A5C52 /* PBXContainerItemProxy */ = {
			isa = PBXContainerItemProxy;
			containerPortal = CEC142FA2B1DF96F002A5C52 /* Project object */;
			proxyType = 1;
			remoteGlobalIDString = CEC143012B1DF96F002A5C52;
			remoteInfo = ImageFeed;
		};
/* End PBXContainerItemProxy section */

/* Begin PBXFileReference section */
		CE0763AA2B4C40D700F5F9D3 /* SingleImageViewController.swift */ = {isa = PBXFileReference; lastKnownFileType = sourcecode.swift; path = SingleImageViewController.swift; sourceTree = "<group>"; };
		CE133E052B3D6EFC000957DA /* ProfileViewController.swift */ = {isa = PBXFileReference; lastKnownFileType = sourcecode.swift; path = ProfileViewController.swift; sourceTree = "<group>"; };
		CE1EF0132BACC2E100863ED9 /* Notification.swift */ = {isa = PBXFileReference; lastKnownFileType = sourcecode.swift; path = Notification.swift; sourceTree = "<group>"; };
		CE46F7852BA4A47500007CC7 /* ProfileImageService.swift */ = {isa = PBXFileReference; lastKnownFileType = sourcecode.swift; path = ProfileImageService.swift; sourceTree = "<group>"; };
		CE4F1A812B8CEE8700BE67FC /* UIBlockingProgressHUD.swift */ = {isa = PBXFileReference; lastKnownFileType = sourcecode.swift; path = UIBlockingProgressHUD.swift; sourceTree = "<group>"; };
		CE4F1A832B8CFF1400BE67FC /* ProfileService.swift */ = {isa = PBXFileReference; lastKnownFileType = sourcecode.swift; path = ProfileService.swift; sourceTree = "<group>"; };
		CE4F1A862B8F263100BE67FC /* ProfileStructures.swift */ = {isa = PBXFileReference; lastKnownFileType = sourcecode.swift; path = ProfileStructures.swift; sourceTree = "<group>"; };
		CE4F1A882B922C1000BE67FC /* URLRequest.swift */ = {isa = PBXFileReference; lastKnownFileType = sourcecode.swift; path = URLRequest.swift; sourceTree = "<group>"; };
		CE4F1A8A2B94D41100BE67FC /* URLSession extension.swift */ = {isa = PBXFileReference; lastKnownFileType = sourcecode.swift; path = "URLSession extension.swift"; sourceTree = "<group>"; };
		CE69B5BA2BB9349800547235 /* TabBarController.swift */ = {isa = PBXFileReference; lastKnownFileType = sourcecode.swift; path = TabBarController.swift; sourceTree = "<group>"; };
		CE69B5BC2BB962B300547235 /* UIColor.swift */ = {isa = PBXFileReference; lastKnownFileType = sourcecode.swift; path = UIColor.swift; sourceTree = "<group>"; };
		CE80E6BE2B76DB9A0007CEED /* SplashViewController.swift */ = {isa = PBXFileReference; lastKnownFileType = sourcecode.swift; path = SplashViewController.swift; sourceTree = "<group>"; };
		CE97E6252B5C5DC500A24BEF /* Constants.swift */ = {isa = PBXFileReference; lastKnownFileType = sourcecode.swift; path = Constants.swift; sourceTree = "<group>"; };
		CEA44A8F2B6C9CE400CC040B /* OAuth2Service.swift */ = {isa = PBXFileReference; lastKnownFileType = sourcecode.swift; path = OAuth2Service.swift; sourceTree = "<group>"; };
		CEB5D5762B75303000545F0D /* OAuth2TokenStorage.swift */ = {isa = PBXFileReference; lastKnownFileType = sourcecode.swift; path = OAuth2TokenStorage.swift; sourceTree = "<group>"; };
		CEB9AA332BE3AC7F00B2A574 /* SnakeCase.swift */ = {isa = PBXFileReference; lastKnownFileType = sourcecode.swift; path = SnakeCase.swift; sourceTree = "<group>"; };
		CEB9AA352BEE443700B2A574 /* ResponseBody.swift */ = {isa = PBXFileReference; lastKnownFileType = sourcecode.swift; path = ResponseBody.swift; sourceTree = "<group>"; };
		CEC143022B1DF96F002A5C52 /* ImageFeed.app */ = {isa = PBXFileReference; explicitFileType = wrapper.application; includeInIndex = 0; path = ImageFeed.app; sourceTree = BUILT_PRODUCTS_DIR; };
		CEC143052B1DF96F002A5C52 /* AppDelegate.swift */ = {isa = PBXFileReference; lastKnownFileType = sourcecode.swift; path = AppDelegate.swift; sourceTree = "<group>"; };
		CEC143072B1DF96F002A5C52 /* SceneDelegate.swift */ = {isa = PBXFileReference; lastKnownFileType = sourcecode.swift; path = SceneDelegate.swift; sourceTree = "<group>"; };
		CEC143092B1DF96F002A5C52 /* ImagesListViewController.swift */ = {isa = PBXFileReference; lastKnownFileType = sourcecode.swift; path = ImagesListViewController.swift; sourceTree = "<group>"; };
		CEC1430C2B1DF96F002A5C52 /* Base */ = {isa = PBXFileReference; lastKnownFileType = file.storyboard; name = Base; path = Base.lproj/Main.storyboard; sourceTree = "<group>"; };
		CEC1430E2B1DF972002A5C52 /* Assets.xcassets */ = {isa = PBXFileReference; lastKnownFileType = folder.assetcatalog; path = Assets.xcassets; sourceTree = "<group>"; };
		CEC143112B1DF972002A5C52 /* Base */ = {isa = PBXFileReference; lastKnownFileType = file.storyboard; name = Base; path = Base.lproj/LaunchScreen.storyboard; sourceTree = "<group>"; };
		CEC143132B1DF972002A5C52 /* Info.plist */ = {isa = PBXFileReference; lastKnownFileType = text.plist.xml; path = Info.plist; sourceTree = "<group>"; };
		CEC143182B1DF973002A5C52 /* ImageFeedTests.xctest */ = {isa = PBXFileReference; explicitFileType = wrapper.cfbundle; includeInIndex = 0; path = ImageFeedTests.xctest; sourceTree = BUILT_PRODUCTS_DIR; };
		CEC1431C2B1DF973002A5C52 /* ImageFeedTests.swift */ = {isa = PBXFileReference; lastKnownFileType = sourcecode.swift; path = ImageFeedTests.swift; sourceTree = "<group>"; };
		CEC143222B1DF973002A5C52 /* ImageFeedUITests.xctest */ = {isa = PBXFileReference; explicitFileType = wrapper.cfbundle; includeInIndex = 0; path = ImageFeedUITests.xctest; sourceTree = BUILT_PRODUCTS_DIR; };
		CEC143262B1DF973002A5C52 /* ImageFeedUITests.swift */ = {isa = PBXFileReference; lastKnownFileType = sourcecode.swift; path = ImageFeedUITests.swift; sourceTree = "<group>"; };
		CEC143282B1DF973002A5C52 /* ImageFeedUITestsLaunchTests.swift */ = {isa = PBXFileReference; lastKnownFileType = sourcecode.swift; path = ImageFeedUITestsLaunchTests.swift; sourceTree = "<group>"; };
		CECB2C6D2B99C27200BFDAAC /* AlertModel.swift */ = {isa = PBXFileReference; lastKnownFileType = sourcecode.swift; path = AlertModel.swift; sourceTree = "<group>"; };
		CECB2C6F2B99C2BA00BFDAAC /* AlertPresenter.swift */ = {isa = PBXFileReference; lastKnownFileType = sourcecode.swift; path = AlertPresenter.swift; sourceTree = "<group>"; };
		CED5E4F92B28A56F00CBC5EF /* ImagesListCell.swift */ = {isa = PBXFileReference; lastKnownFileType = sourcecode.swift; path = ImagesListCell.swift; sourceTree = "<group>"; };
		CEE2F33C2B5FE2460011C75B /* AuthViewController.swift */ = {isa = PBXFileReference; lastKnownFileType = sourcecode.swift; path = AuthViewController.swift; sourceTree = "<group>"; };
		CEE2F3402B6014210011C75B /* WebViewViewController.swift */ = {isa = PBXFileReference; lastKnownFileType = sourcecode.swift; path = WebViewViewController.swift; sourceTree = "<group>"; };
		CEFF81FD2BBC7C8700AAF96C /* ImagesListService.swift */ = {isa = PBXFileReference; lastKnownFileType = sourcecode.swift; path = ImagesListService.swift; sourceTree = "<group>"; };
		CEFF81FF2BBC7C9E00AAF96C /* ImageListStructures.swift */ = {isa = PBXFileReference; lastKnownFileType = sourcecode.swift; path = ImageListStructures.swift; sourceTree = "<group>"; };
/* End PBXFileReference section */

/* Begin PBXFrameworksBuildPhase section */
		CEC142FF2B1DF96F002A5C52 /* Frameworks */ = {
			isa = PBXFrameworksBuildPhase;
			buildActionMask = 2147483647;
			files = (
				CE69B5B52BB4398A00547235 /* Kingfisher in Frameworks */,
				CE4F1A802B869C5000BE67FC /* ProgressHUD in Frameworks */,
				CE69B5B82BB744D300547235 /* SwiftKeychainWrapper in Frameworks */,
			);
			runOnlyForDeploymentPostprocessing = 0;
		};
		CEC143152B1DF973002A5C52 /* Frameworks */ = {
			isa = PBXFrameworksBuildPhase;
			buildActionMask = 2147483647;
			files = (
			);
			runOnlyForDeploymentPostprocessing = 0;
		};
		CEC1431F2B1DF973002A5C52 /* Frameworks */ = {
			isa = PBXFrameworksBuildPhase;
			buildActionMask = 2147483647;
			files = (
			);
			runOnlyForDeploymentPostprocessing = 0;
		};
/* End PBXFrameworksBuildPhase section */

/* Begin PBXGroup section */
		CE0763AC2B4DAB0F00F5F9D3 /* SingleImageViewController */ = {
			isa = PBXGroup;
			children = (
				CE0763AA2B4C40D700F5F9D3 /* SingleImageViewController.swift */,
			);
			path = SingleImageViewController;
			sourceTree = "<group>";
		};
		CE1EF0122BACC2B400863ED9 /* Extension */ = {
			isa = PBXGroup;
			children = (
				CE4F1A8A2B94D41100BE67FC /* URLSession extension.swift */,
				CE1EF0132BACC2E100863ED9 /* Notification.swift */,
				CE69B5BC2BB962B300547235 /* UIColor.swift */,
				CEB9AA332BE3AC7F00B2A574 /* SnakeCase.swift */,
			);
			path = Extension;
			sourceTree = "<group>";
		};
		CE4F1A852B8F25CE00BE67FC /* ProfileService */ = {
			isa = PBXGroup;
			children = (
				CE133E052B3D6EFC000957DA /* ProfileViewController.swift */,
				CE4F1A832B8CFF1400BE67FC /* ProfileService.swift */,
				CE46F7852BA4A47500007CC7 /* ProfileImageService.swift */,
				CE4F1A862B8F263100BE67FC /* ProfileStructures.swift */,
			);
			path = ProfileService;
			sourceTree = "<group>";
		};
		CE69B5B92BB9346F00547235 /* TabBar */ = {
			isa = PBXGroup;
			children = (
				CE69B5BA2BB9349800547235 /* TabBarController.swift */,
			);
			path = TabBar;
			sourceTree = "<group>";
		};
		CEB5D56F2B74E38800545F0D /* OAuth2 */ = {
			isa = PBXGroup;
			children = (
				CEA44A8F2B6C9CE400CC040B /* OAuth2Service.swift */,
				CEB5D5762B75303000545F0D /* OAuth2TokenStorage.swift */,
				CE4F1A882B922C1000BE67FC /* URLRequest.swift */,
				CEB9AA352BEE443700B2A574 /* ResponseBody.swift */,
			);
			path = OAuth2;
			sourceTree = "<group>";
		};
		CEB5D5702B7528C800545F0D /* SplashViewController */ = {
			isa = PBXGroup;
			children = (
				CE80E6BE2B76DB9A0007CEED /* SplashViewController.swift */,
			);
			path = SplashViewController;
			sourceTree = "<group>";
		};
		CEC142F92B1DF96F002A5C52 = {
			isa = PBXGroup;
			children = (
				CEC143042B1DF96F002A5C52 /* ImageFeed */,
				CEC1431B2B1DF973002A5C52 /* ImageFeedTests */,
				CEC143252B1DF973002A5C52 /* ImageFeedUITests */,
				CEC143032B1DF96F002A5C52 /* Products */,
			);
			sourceTree = "<group>";
		};
		CEC143032B1DF96F002A5C52 /* Products */ = {
			isa = PBXGroup;
			children = (
				CEC143022B1DF96F002A5C52 /* ImageFeed.app */,
				CEC143182B1DF973002A5C52 /* ImageFeedTests.xctest */,
				CEC143222B1DF973002A5C52 /* ImageFeedUITests.xctest */,
			);
			name = Products;
			sourceTree = "<group>";
		};
		CEC143042B1DF96F002A5C52 /* ImageFeed */ = {
			isa = PBXGroup;
			children = (
				CEC143052B1DF96F002A5C52 /* AppDelegate.swift */,
				CEC143072B1DF96F002A5C52 /* SceneDelegate.swift */,
				CE97E6252B5C5DC500A24BEF /* Constants.swift */,
				CECB2C6C2B99C25300BFDAAC /* Alert */,
				CEB5D5702B7528C800545F0D /* SplashViewController */,
				CE4F1A852B8F25CE00BE67FC /* ProfileService */,
				CEB5D56F2B74E38800545F0D /* OAuth2 */,
				CEE2F33E2B5FE2700011C75B /* Auth */,
				CED5E4FB2B28A58100CBC5EF /* ImagesList */,
				CE69B5B92BB9346F00547235 /* TabBar */,
				CE0763AC2B4DAB0F00F5F9D3 /* SingleImageViewController */,
				CE1EF0122BACC2B400863ED9 /* Extension */,
				CEC1430B2B1DF96F002A5C52 /* Main.storyboard */,
				CEC1430E2B1DF972002A5C52 /* Assets.xcassets */,
				CEC143102B1DF972002A5C52 /* LaunchScreen.storyboard */,
				CEC143132B1DF972002A5C52 /* Info.plist */,
			);
			path = ImageFeed;
			sourceTree = "<group>";
		};
		CEC1431B2B1DF973002A5C52 /* ImageFeedTests */ = {
			isa = PBXGroup;
			children = (
				CEC1431C2B1DF973002A5C52 /* ImageFeedTests.swift */,
			);
			path = ImageFeedTests;
			sourceTree = "<group>";
		};
		CEC143252B1DF973002A5C52 /* ImageFeedUITests */ = {
			isa = PBXGroup;
			children = (
				CEC143262B1DF973002A5C52 /* ImageFeedUITests.swift */,
				CEC143282B1DF973002A5C52 /* ImageFeedUITestsLaunchTests.swift */,
			);
			path = ImageFeedUITests;
			sourceTree = "<group>";
		};
		CECB2C6C2B99C25300BFDAAC /* Alert */ = {
			isa = PBXGroup;
			children = (
				CECB2C6D2B99C27200BFDAAC /* AlertModel.swift */,
				CECB2C6F2B99C2BA00BFDAAC /* AlertPresenter.swift */,
			);
			path = Alert;
			sourceTree = "<group>";
		};
		CED5E4FB2B28A58100CBC5EF /* ImagesList */ = {
			isa = PBXGroup;
			children = (
				CEFF81FD2BBC7C8700AAF96C /* ImagesListService.swift */,
				CEC143092B1DF96F002A5C52 /* ImagesListViewController.swift */,
				CED5E4F92B28A56F00CBC5EF /* ImagesListCell.swift */,
				CEFF81FF2BBC7C9E00AAF96C /* ImageListStructures.swift */,
			);
			path = ImagesList;
			sourceTree = "<group>";
		};
		CEE2F33E2B5FE2700011C75B /* Auth */ = {
			isa = PBXGroup;
			children = (
				CEE2F33C2B5FE2460011C75B /* AuthViewController.swift */,
				CEE2F3402B6014210011C75B /* WebViewViewController.swift */,
				CE4F1A812B8CEE8700BE67FC /* UIBlockingProgressHUD.swift */,
			);
			path = Auth;
			sourceTree = "<group>";
		};
/* End PBXGroup section */

/* Begin PBXNativeTarget section */
		CEC143012B1DF96F002A5C52 /* ImageFeed */ = {
			isa = PBXNativeTarget;
			buildConfigurationList = CEC1432C2B1DF973002A5C52 /* Build configuration list for PBXNativeTarget "ImageFeed" */;
			buildPhases = (
				CEC142FE2B1DF96F002A5C52 /* Sources */,
				CEC142FF2B1DF96F002A5C52 /* Frameworks */,
				CEC143002B1DF96F002A5C52 /* Resources */,
			);
			buildRules = (
			);
			dependencies = (
			);
			name = ImageFeed;
			packageProductDependencies = (
				CE4F1A7F2B869C5000BE67FC /* ProgressHUD */,
				CE69B5B42BB4398A00547235 /* Kingfisher */,
				CE69B5B72BB744D300547235 /* SwiftKeychainWrapper */,
			);
			productName = ImageFeed;
			productReference = CEC143022B1DF96F002A5C52 /* ImageFeed.app */;
			productType = "com.apple.product-type.application";
		};
		CEC143172B1DF973002A5C52 /* ImageFeedTests */ = {
			isa = PBXNativeTarget;
			buildConfigurationList = CEC1432F2B1DF973002A5C52 /* Build configuration list for PBXNativeTarget "ImageFeedTests" */;
			buildPhases = (
				CEC143142B1DF973002A5C52 /* Sources */,
				CEC143152B1DF973002A5C52 /* Frameworks */,
				CEC143162B1DF973002A5C52 /* Resources */,
			);
			buildRules = (
			);
			dependencies = (
				CEC1431A2B1DF973002A5C52 /* PBXTargetDependency */,
			);
			name = ImageFeedTests;
			productName = ImageFeedTests;
			productReference = CEC143182B1DF973002A5C52 /* ImageFeedTests.xctest */;
			productType = "com.apple.product-type.bundle.unit-test";
		};
		CEC143212B1DF973002A5C52 /* ImageFeedUITests */ = {
			isa = PBXNativeTarget;
			buildConfigurationList = CEC143322B1DF973002A5C52 /* Build configuration list for PBXNativeTarget "ImageFeedUITests" */;
			buildPhases = (
				CEC1431E2B1DF973002A5C52 /* Sources */,
				CEC1431F2B1DF973002A5C52 /* Frameworks */,
				CEC143202B1DF973002A5C52 /* Resources */,
			);
			buildRules = (
			);
			dependencies = (
				CEC143242B1DF973002A5C52 /* PBXTargetDependency */,
			);
			name = ImageFeedUITests;
			productName = ImageFeedUITests;
			productReference = CEC143222B1DF973002A5C52 /* ImageFeedUITests.xctest */;
			productType = "com.apple.product-type.bundle.ui-testing";
		};
/* End PBXNativeTarget section */

/* Begin PBXProject section */
		CEC142FA2B1DF96F002A5C52 /* Project object */ = {
			isa = PBXProject;
			attributes = {
				BuildIndependentTargetsInParallel = 1;
				LastSwiftUpdateCheck = 1500;
				LastUpgradeCheck = 1500;
				TargetAttributes = {
					CEC143012B1DF96F002A5C52 = {
						CreatedOnToolsVersion = 15.0;
					};
					CEC143172B1DF973002A5C52 = {
						CreatedOnToolsVersion = 15.0;
						TestTargetID = CEC143012B1DF96F002A5C52;
					};
					CEC143212B1DF973002A5C52 = {
						CreatedOnToolsVersion = 15.0;
						TestTargetID = CEC143012B1DF96F002A5C52;
					};
				};
			};
			buildConfigurationList = CEC142FD2B1DF96F002A5C52 /* Build configuration list for PBXProject "ImageFeed" */;
			compatibilityVersion = "Xcode 14.0";
			developmentRegion = en;
			hasScannedForEncodings = 0;
			knownRegions = (
				en,
				Base,
			);
			mainGroup = CEC142F92B1DF96F002A5C52;
			packageReferences = (
				CE4F1A7E2B869C5000BE67FC /* XCRemoteSwiftPackageReference "ProgressHUD" */,
				CE69B5B32BB4398A00547235 /* XCRemoteSwiftPackageReference "Kingfisher" */,
				CE69B5B62BB744D300547235 /* XCRemoteSwiftPackageReference "SwiftKeychainWrapper" */,
			);
			productRefGroup = CEC143032B1DF96F002A5C52 /* Products */;
			projectDirPath = "";
			projectRoot = "";
			targets = (
				CEC143012B1DF96F002A5C52 /* ImageFeed */,
				CEC143172B1DF973002A5C52 /* ImageFeedTests */,
				CEC143212B1DF973002A5C52 /* ImageFeedUITests */,
			);
		};
/* End PBXProject section */

/* Begin PBXResourcesBuildPhase section */
		CEC143002B1DF96F002A5C52 /* Resources */ = {
			isa = PBXResourcesBuildPhase;
			buildActionMask = 2147483647;
			files = (
				CEC143122B1DF972002A5C52 /* LaunchScreen.storyboard in Resources */,
				CEC1430F2B1DF972002A5C52 /* Assets.xcassets in Resources */,
				CEC1430D2B1DF96F002A5C52 /* Main.storyboard in Resources */,
			);
			runOnlyForDeploymentPostprocessing = 0;
		};
		CEC143162B1DF973002A5C52 /* Resources */ = {
			isa = PBXResourcesBuildPhase;
			buildActionMask = 2147483647;
			files = (
			);
			runOnlyForDeploymentPostprocessing = 0;
		};
		CEC143202B1DF973002A5C52 /* Resources */ = {
			isa = PBXResourcesBuildPhase;
			buildActionMask = 2147483647;
			files = (
			);
			runOnlyForDeploymentPostprocessing = 0;
		};
/* End PBXResourcesBuildPhase section */

/* Begin PBXSourcesBuildPhase section */
		CEC142FE2B1DF96F002A5C52 /* Sources */ = {
			isa = PBXSourcesBuildPhase;
			buildActionMask = 2147483647;
			files = (
				CEC1430A2B1DF96F002A5C52 /* ImagesListViewController.swift in Sources */,
				CED5E4FA2B28A56F00CBC5EF /* ImagesListCell.swift in Sources */,
				CE133E062B3D6EFC000957DA /* ProfileViewController.swift in Sources */,
				CEB9AA362BEE443700B2A574 /* ResponseBody.swift in Sources */,
				CEC143062B1DF96F002A5C52 /* AppDelegate.swift in Sources */,
				CEE2F33D2B5FE2460011C75B /* AuthViewController.swift in Sources */,
				CE4F1A8B2B94D41100BE67FC /* URLSession extension.swift in Sources */,
				CE80E6BF2B76DB9A0007CEED /* SplashViewController.swift in Sources */,
				CE4F1A822B8CEE8700BE67FC /* UIBlockingProgressHUD.swift in Sources */,
				CE4F1A892B922C1000BE67FC /* URLRequest.swift in Sources */,
				CE4F1A872B8F263100BE67FC /* ProfileStructures.swift in Sources */,
				CEB9AA342BE3AC7F00B2A574 /* SnakeCase.swift in Sources */,
				CE69B5BD2BB962B300547235 /* UIColor.swift in Sources */,
				CE97E6262B5C5DC500A24BEF /* Constants.swift in Sources */,
				CE0763AB2B4C40D700F5F9D3 /* SingleImageViewController.swift in Sources */,
				CEFF82002BBC7C9E00AAF96C /* ImageListStructures.swift in Sources */,
				CEFF81FE2BBC7C8700AAF96C /* ImagesListService.swift in Sources */,
				CEE2F3412B6014210011C75B /* WebViewViewController.swift in Sources */,
				CE69B5BB2BB9349800547235 /* TabBarController.swift in Sources */,
				CEA44A902B6C9CE400CC040B /* OAuth2Service.swift in Sources */,
				CEC143082B1DF96F002A5C52 /* SceneDelegate.swift in Sources */,
				CECB2C702B99C2BA00BFDAAC /* AlertPresenter.swift in Sources */,
				CEB5D5772B75303000545F0D /* OAuth2TokenStorage.swift in Sources */,
				CE1EF0142BACC2E100863ED9 /* Notification.swift in Sources */,
				CE46F7862BA4A47500007CC7 /* ProfileImageService.swift in Sources */,
				CECB2C6E2B99C27200BFDAAC /* AlertModel.swift in Sources */,
				CE4F1A842B8CFF1400BE67FC /* ProfileService.swift in Sources */,
			);
			runOnlyForDeploymentPostprocessing = 0;
		};
		CEC143142B1DF973002A5C52 /* Sources */ = {
			isa = PBXSourcesBuildPhase;
			buildActionMask = 2147483647;
			files = (
				CEC1431D2B1DF973002A5C52 /* ImageFeedTests.swift in Sources */,
			);
			runOnlyForDeploymentPostprocessing = 0;
		};
		CEC1431E2B1DF973002A5C52 /* Sources */ = {
			isa = PBXSourcesBuildPhase;
			buildActionMask = 2147483647;
			files = (
				CEC143292B1DF973002A5C52 /* ImageFeedUITestsLaunchTests.swift in Sources */,
				CEC143272B1DF973002A5C52 /* ImageFeedUITests.swift in Sources */,
			);
			runOnlyForDeploymentPostprocessing = 0;
		};
/* End PBXSourcesBuildPhase section */

/* Begin PBXTargetDependency section */
		CEC1431A2B1DF973002A5C52 /* PBXTargetDependency */ = {
			isa = PBXTargetDependency;
			target = CEC143012B1DF96F002A5C52 /* ImageFeed */;
			targetProxy = CEC143192B1DF973002A5C52 /* PBXContainerItemProxy */;
		};
		CEC143242B1DF973002A5C52 /* PBXTargetDependency */ = {
			isa = PBXTargetDependency;
			target = CEC143012B1DF96F002A5C52 /* ImageFeed */;
			targetProxy = CEC143232B1DF973002A5C52 /* PBXContainerItemProxy */;
		};
/* End PBXTargetDependency section */

/* Begin PBXVariantGroup section */
		CEC1430B2B1DF96F002A5C52 /* Main.storyboard */ = {
			isa = PBXVariantGroup;
			children = (
				CEC1430C2B1DF96F002A5C52 /* Base */,
			);
			name = Main.storyboard;
			sourceTree = "<group>";
		};
		CEC143102B1DF972002A5C52 /* LaunchScreen.storyboard */ = {
			isa = PBXVariantGroup;
			children = (
				CEC143112B1DF972002A5C52 /* Base */,
			);
			name = LaunchScreen.storyboard;
			sourceTree = "<group>";
		};
/* End PBXVariantGroup section */

/* Begin XCBuildConfiguration section */
		CEC1432A2B1DF973002A5C52 /* Debug */ = {
			isa = XCBuildConfiguration;
			buildSettings = {
				ALWAYS_SEARCH_USER_PATHS = NO;
				ASSETCATALOG_COMPILER_GENERATE_SWIFT_ASSET_SYMBOL_EXTENSIONS = YES;
				CLANG_ANALYZER_NONNULL = YES;
				CLANG_ANALYZER_NUMBER_OBJECT_CONVERSION = YES_AGGRESSIVE;
				CLANG_CXX_LANGUAGE_STANDARD = "gnu++20";
				CLANG_ENABLE_MODULES = YES;
				CLANG_ENABLE_OBJC_ARC = YES;
				CLANG_ENABLE_OBJC_WEAK = YES;
				CLANG_WARN_BLOCK_CAPTURE_AUTORELEASING = YES;
				CLANG_WARN_BOOL_CONVERSION = YES;
				CLANG_WARN_COMMA = YES;
				CLANG_WARN_CONSTANT_CONVERSION = YES;
				CLANG_WARN_DEPRECATED_OBJC_IMPLEMENTATIONS = YES;
				CLANG_WARN_DIRECT_OBJC_ISA_USAGE = YES_ERROR;
				CLANG_WARN_DOCUMENTATION_COMMENTS = YES;
				CLANG_WARN_EMPTY_BODY = YES;
				CLANG_WARN_ENUM_CONVERSION = YES;
				CLANG_WARN_INFINITE_RECURSION = YES;
				CLANG_WARN_INT_CONVERSION = YES;
				CLANG_WARN_NON_LITERAL_NULL_CONVERSION = YES;
				CLANG_WARN_OBJC_IMPLICIT_RETAIN_SELF = YES;
				CLANG_WARN_OBJC_LITERAL_CONVERSION = YES;
				CLANG_WARN_OBJC_ROOT_CLASS = YES_ERROR;
				CLANG_WARN_QUOTED_INCLUDE_IN_FRAMEWORK_HEADER = YES;
				CLANG_WARN_RANGE_LOOP_ANALYSIS = YES;
				CLANG_WARN_STRICT_PROTOTYPES = YES;
				CLANG_WARN_SUSPICIOUS_MOVE = YES;
				CLANG_WARN_UNGUARDED_AVAILABILITY = YES_AGGRESSIVE;
				CLANG_WARN_UNREACHABLE_CODE = YES;
				CLANG_WARN__DUPLICATE_METHOD_MATCH = YES;
				COPY_PHASE_STRIP = NO;
				DEBUG_INFORMATION_FORMAT = dwarf;
				ENABLE_STRICT_OBJC_MSGSEND = YES;
				ENABLE_TESTABILITY = YES;
				ENABLE_USER_SCRIPT_SANDBOXING = YES;
				GCC_C_LANGUAGE_STANDARD = gnu17;
				GCC_DYNAMIC_NO_PIC = NO;
				GCC_NO_COMMON_BLOCKS = YES;
				GCC_OPTIMIZATION_LEVEL = 0;
				GCC_PREPROCESSOR_DEFINITIONS = (
					"DEBUG=1",
					"$(inherited)",
				);
				GCC_WARN_64_TO_32_BIT_CONVERSION = YES;
				GCC_WARN_ABOUT_RETURN_TYPE = YES_ERROR;
				GCC_WARN_UNDECLARED_SELECTOR = YES;
				GCC_WARN_UNINITIALIZED_AUTOS = YES_AGGRESSIVE;
				GCC_WARN_UNUSED_FUNCTION = YES;
				GCC_WARN_UNUSED_VARIABLE = YES;
				IPHONEOS_DEPLOYMENT_TARGET = 13.0;
				LOCALIZATION_PREFERS_STRING_CATALOGS = YES;
				MTL_ENABLE_DEBUG_INFO = INCLUDE_SOURCE;
				MTL_FAST_MATH = YES;
				ONLY_ACTIVE_ARCH = YES;
				SDKROOT = iphoneos;
				SWIFT_ACTIVE_COMPILATION_CONDITIONS = "DEBUG $(inherited)";
				SWIFT_OPTIMIZATION_LEVEL = "-Onone";
			};
			name = Debug;
		};
		CEC1432B2B1DF973002A5C52 /* Release */ = {
			isa = XCBuildConfiguration;
			buildSettings = {
				ALWAYS_SEARCH_USER_PATHS = NO;
				ASSETCATALOG_COMPILER_GENERATE_SWIFT_ASSET_SYMBOL_EXTENSIONS = YES;
				CLANG_ANALYZER_NONNULL = YES;
				CLANG_ANALYZER_NUMBER_OBJECT_CONVERSION = YES_AGGRESSIVE;
				CLANG_CXX_LANGUAGE_STANDARD = "gnu++20";
				CLANG_ENABLE_MODULES = YES;
				CLANG_ENABLE_OBJC_ARC = YES;
				CLANG_ENABLE_OBJC_WEAK = YES;
				CLANG_WARN_BLOCK_CAPTURE_AUTORELEASING = YES;
				CLANG_WARN_BOOL_CONVERSION = YES;
				CLANG_WARN_COMMA = YES;
				CLANG_WARN_CONSTANT_CONVERSION = YES;
				CLANG_WARN_DEPRECATED_OBJC_IMPLEMENTATIONS = YES;
				CLANG_WARN_DIRECT_OBJC_ISA_USAGE = YES_ERROR;
				CLANG_WARN_DOCUMENTATION_COMMENTS = YES;
				CLANG_WARN_EMPTY_BODY = YES;
				CLANG_WARN_ENUM_CONVERSION = YES;
				CLANG_WARN_INFINITE_RECURSION = YES;
				CLANG_WARN_INT_CONVERSION = YES;
				CLANG_WARN_NON_LITERAL_NULL_CONVERSION = YES;
				CLANG_WARN_OBJC_IMPLICIT_RETAIN_SELF = YES;
				CLANG_WARN_OBJC_LITERAL_CONVERSION = YES;
				CLANG_WARN_OBJC_ROOT_CLASS = YES_ERROR;
				CLANG_WARN_QUOTED_INCLUDE_IN_FRAMEWORK_HEADER = YES;
				CLANG_WARN_RANGE_LOOP_ANALYSIS = YES;
				CLANG_WARN_STRICT_PROTOTYPES = YES;
				CLANG_WARN_SUSPICIOUS_MOVE = YES;
				CLANG_WARN_UNGUARDED_AVAILABILITY = YES_AGGRESSIVE;
				CLANG_WARN_UNREACHABLE_CODE = YES;
				CLANG_WARN__DUPLICATE_METHOD_MATCH = YES;
				COPY_PHASE_STRIP = NO;
				DEBUG_INFORMATION_FORMAT = "dwarf-with-dsym";
				ENABLE_NS_ASSERTIONS = NO;
				ENABLE_STRICT_OBJC_MSGSEND = YES;
				ENABLE_USER_SCRIPT_SANDBOXING = YES;
				GCC_C_LANGUAGE_STANDARD = gnu17;
				GCC_NO_COMMON_BLOCKS = YES;
				GCC_WARN_64_TO_32_BIT_CONVERSION = YES;
				GCC_WARN_ABOUT_RETURN_TYPE = YES_ERROR;
				GCC_WARN_UNDECLARED_SELECTOR = YES;
				GCC_WARN_UNINITIALIZED_AUTOS = YES_AGGRESSIVE;
				GCC_WARN_UNUSED_FUNCTION = YES;
				GCC_WARN_UNUSED_VARIABLE = YES;
				IPHONEOS_DEPLOYMENT_TARGET = 13.0;
				LOCALIZATION_PREFERS_STRING_CATALOGS = YES;
				MTL_ENABLE_DEBUG_INFO = NO;
				MTL_FAST_MATH = YES;
				SDKROOT = iphoneos;
				SWIFT_COMPILATION_MODE = wholemodule;
				VALIDATE_PRODUCT = YES;
			};
			name = Release;
		};
		CEC1432D2B1DF973002A5C52 /* Debug */ = {
			isa = XCBuildConfiguration;
			buildSettings = {
				ASSETCATALOG_COMPILER_APPICON_NAME = AppIcon;
				ASSETCATALOG_COMPILER_GLOBAL_ACCENT_COLOR_NAME = AccentColor;
				CODE_SIGN_STYLE = Automatic;
				CURRENT_PROJECT_VERSION = 1;
				DEVELOPMENT_TEAM = 26HZCYGBR2;
				GENERATE_INFOPLIST_FILE = YES;
				INFOPLIST_FILE = ImageFeed/Info.plist;
				INFOPLIST_KEY_UIApplicationSupportsIndirectInputEvents = YES;
				INFOPLIST_KEY_UILaunchStoryboardName = LaunchScreen;
				INFOPLIST_KEY_UIMainStoryboardFile = Main;
				INFOPLIST_KEY_UISupportedInterfaceOrientations_iPhone = UIInterfaceOrientationPortrait;
				LD_RUNPATH_SEARCH_PATHS = (
					"$(inherited)",
					"@executable_path/Frameworks",
				);
				MARKETING_VERSION = 1.0;
				PRODUCT_BUNDLE_IDENTIFIER = ru.IlyaGrevtsov.ImageFeed;
				PRODUCT_NAME = "$(TARGET_NAME)";
				SUPPORTED_PLATFORMS = "iphoneos iphonesimulator";
				SUPPORTS_MACCATALYST = NO;
				SUPPORTS_MAC_DESIGNED_FOR_IPHONE_IPAD = NO;
				SWIFT_EMIT_LOC_STRINGS = YES;
				SWIFT_VERSION = 5.0;
				TARGETED_DEVICE_FAMILY = 1;
			};
			name = Debug;
		};
		CEC1432E2B1DF973002A5C52 /* Release */ = {
			isa = XCBuildConfiguration;
			buildSettings = {
				ASSETCATALOG_COMPILER_APPICON_NAME = AppIcon;
				ASSETCATALOG_COMPILER_GLOBAL_ACCENT_COLOR_NAME = AccentColor;
				CODE_SIGN_STYLE = Automatic;
				CURRENT_PROJECT_VERSION = 1;
				DEVELOPMENT_TEAM = 26HZCYGBR2;
				GENERATE_INFOPLIST_FILE = YES;
				INFOPLIST_FILE = ImageFeed/Info.plist;
				INFOPLIST_KEY_UIApplicationSupportsIndirectInputEvents = YES;
				INFOPLIST_KEY_UILaunchStoryboardName = LaunchScreen;
				INFOPLIST_KEY_UIMainStoryboardFile = Main;
				INFOPLIST_KEY_UISupportedInterfaceOrientations_iPhone = UIInterfaceOrientationPortrait;
				LD_RUNPATH_SEARCH_PATHS = (
					"$(inherited)",
					"@executable_path/Frameworks",
				);
				MARKETING_VERSION = 1.0;
				PRODUCT_BUNDLE_IDENTIFIER = ru.IlyaGrevtsov.ImageFeed;
				PRODUCT_NAME = "$(TARGET_NAME)";
				SUPPORTED_PLATFORMS = "iphoneos iphonesimulator";
				SUPPORTS_MACCATALYST = NO;
				SUPPORTS_MAC_DESIGNED_FOR_IPHONE_IPAD = NO;
				SWIFT_EMIT_LOC_STRINGS = YES;
				SWIFT_VERSION = 5.0;
				TARGETED_DEVICE_FAMILY = 1;
			};
			name = Release;
		};
		CEC143302B1DF973002A5C52 /* Debug */ = {
			isa = XCBuildConfiguration;
			buildSettings = {
				ALWAYS_EMBED_SWIFT_STANDARD_LIBRARIES = YES;
				BUNDLE_LOADER = "$(TEST_HOST)";
				CODE_SIGN_STYLE = Automatic;
				CURRENT_PROJECT_VERSION = 1;
				DEVELOPMENT_TEAM = 26HZCYGBR2;
				GENERATE_INFOPLIST_FILE = YES;
				IPHONEOS_DEPLOYMENT_TARGET = 17.0;
				MARKETING_VERSION = 1.0;
				PRODUCT_BUNDLE_IDENTIFIER = ru.IlyaGrevtsov.ImageFeedTests;
				PRODUCT_NAME = "$(TARGET_NAME)";
				SWIFT_EMIT_LOC_STRINGS = NO;
				SWIFT_VERSION = 5.0;
				TARGETED_DEVICE_FAMILY = "1,2";
				TEST_HOST = "$(BUILT_PRODUCTS_DIR)/ImageFeed.app/$(BUNDLE_EXECUTABLE_FOLDER_PATH)/ImageFeed";
			};
			name = Debug;
		};
		CEC143312B1DF973002A5C52 /* Release */ = {
			isa = XCBuildConfiguration;
			buildSettings = {
				ALWAYS_EMBED_SWIFT_STANDARD_LIBRARIES = YES;
				BUNDLE_LOADER = "$(TEST_HOST)";
				CODE_SIGN_STYLE = Automatic;
				CURRENT_PROJECT_VERSION = 1;
				DEVELOPMENT_TEAM = 26HZCYGBR2;
				GENERATE_INFOPLIST_FILE = YES;
				IPHONEOS_DEPLOYMENT_TARGET = 17.0;
				MARKETING_VERSION = 1.0;
				PRODUCT_BUNDLE_IDENTIFIER = ru.IlyaGrevtsov.ImageFeedTests;
				PRODUCT_NAME = "$(TARGET_NAME)";
				SWIFT_EMIT_LOC_STRINGS = NO;
				SWIFT_VERSION = 5.0;
				TARGETED_DEVICE_FAMILY = "1,2";
				TEST_HOST = "$(BUILT_PRODUCTS_DIR)/ImageFeed.app/$(BUNDLE_EXECUTABLE_FOLDER_PATH)/ImageFeed";
			};
			name = Release;
		};
		CEC143332B1DF973002A5C52 /* Debug */ = {
			isa = XCBuildConfiguration;
			buildSettings = {
				ALWAYS_EMBED_SWIFT_STANDARD_LIBRARIES = YES;
				CODE_SIGN_STYLE = Automatic;
				CURRENT_PROJECT_VERSION = 1;
				DEVELOPMENT_TEAM = 26HZCYGBR2;
				GENERATE_INFOPLIST_FILE = YES;
				MARKETING_VERSION = 1.0;
				PRODUCT_BUNDLE_IDENTIFIER = ru.IlyaGrevtsov.ImageFeedUITests;
				PRODUCT_NAME = "$(TARGET_NAME)";
				SWIFT_EMIT_LOC_STRINGS = NO;
				SWIFT_VERSION = 5.0;
				TARGETED_DEVICE_FAMILY = "1,2";
				TEST_TARGET_NAME = ImageFeed;
			};
			name = Debug;
		};
		CEC143342B1DF973002A5C52 /* Release */ = {
			isa = XCBuildConfiguration;
			buildSettings = {
				ALWAYS_EMBED_SWIFT_STANDARD_LIBRARIES = YES;
				CODE_SIGN_STYLE = Automatic;
				CURRENT_PROJECT_VERSION = 1;
				DEVELOPMENT_TEAM = 26HZCYGBR2;
				GENERATE_INFOPLIST_FILE = YES;
				MARKETING_VERSION = 1.0;
				PRODUCT_BUNDLE_IDENTIFIER = ru.IlyaGrevtsov.ImageFeedUITests;
				PRODUCT_NAME = "$(TARGET_NAME)";
				SWIFT_EMIT_LOC_STRINGS = NO;
				SWIFT_VERSION = 5.0;
				TARGETED_DEVICE_FAMILY = "1,2";
				TEST_TARGET_NAME = ImageFeed;
			};
			name = Release;
		};
/* End XCBuildConfiguration section */

/* Begin XCConfigurationList section */
		CEC142FD2B1DF96F002A5C52 /* Build configuration list for PBXProject "ImageFeed" */ = {
			isa = XCConfigurationList;
			buildConfigurations = (
				CEC1432A2B1DF973002A5C52 /* Debug */,
				CEC1432B2B1DF973002A5C52 /* Release */,
			);
			defaultConfigurationIsVisible = 0;
			defaultConfigurationName = Release;
		};
		CEC1432C2B1DF973002A5C52 /* Build configuration list for PBXNativeTarget "ImageFeed" */ = {
			isa = XCConfigurationList;
			buildConfigurations = (
				CEC1432D2B1DF973002A5C52 /* Debug */,
				CEC1432E2B1DF973002A5C52 /* Release */,
			);
			defaultConfigurationIsVisible = 0;
			defaultConfigurationName = Release;
		};
		CEC1432F2B1DF973002A5C52 /* Build configuration list for PBXNativeTarget "ImageFeedTests" */ = {
			isa = XCConfigurationList;
			buildConfigurations = (
				CEC143302B1DF973002A5C52 /* Debug */,
				CEC143312B1DF973002A5C52 /* Release */,
			);
			defaultConfigurationIsVisible = 0;
			defaultConfigurationName = Release;
		};
		CEC143322B1DF973002A5C52 /* Build configuration list for PBXNativeTarget "ImageFeedUITests" */ = {
			isa = XCConfigurationList;
			buildConfigurations = (
				CEC143332B1DF973002A5C52 /* Debug */,
				CEC143342B1DF973002A5C52 /* Release */,
			);
			defaultConfigurationIsVisible = 0;
			defaultConfigurationName = Release;
		};
/* End XCConfigurationList section */

/* Begin XCRemoteSwiftPackageReference section */
		CE4F1A7E2B869C5000BE67FC /* XCRemoteSwiftPackageReference "ProgressHUD" */ = {
			isa = XCRemoteSwiftPackageReference;
			repositoryURL = "https://github.com/relatedcode/ProgressHUD";
			requirement = {
				kind = exactVersion;
				version = 13.6.1;
			};
		};
		CE69B5B32BB4398A00547235 /* XCRemoteSwiftPackageReference "Kingfisher" */ = {
			isa = XCRemoteSwiftPackageReference;
			repositoryURL = "https://github.com/onevcat/Kingfisher";
			requirement = {
				kind = exactVersion;
				version = 7.10.0;
			};
		};
		CE69B5B62BB744D300547235 /* XCRemoteSwiftPackageReference "SwiftKeychainWrapper" */ = {
			isa = XCRemoteSwiftPackageReference;
			repositoryURL = "https://github.com/jrendel/SwiftKeychainWrapper";
			requirement = {
				kind = exactVersion;
				version = 4.0.1;
			};
		};
/* End XCRemoteSwiftPackageReference section */

/* Begin XCSwiftPackageProductDependency section */
		CE4F1A7F2B869C5000BE67FC /* ProgressHUD */ = {
			isa = XCSwiftPackageProductDependency;
			package = CE4F1A7E2B869C5000BE67FC /* XCRemoteSwiftPackageReference "ProgressHUD" */;
			productName = ProgressHUD;
		};
		CE69B5B42BB4398A00547235 /* Kingfisher */ = {
			isa = XCSwiftPackageProductDependency;
			package = CE69B5B32BB4398A00547235 /* XCRemoteSwiftPackageReference "Kingfisher" */;
			productName = Kingfisher;
		};
		CE69B5B72BB744D300547235 /* SwiftKeychainWrapper */ = {
			isa = XCSwiftPackageProductDependency;
			package = CE69B5B62BB744D300547235 /* XCRemoteSwiftPackageReference "SwiftKeychainWrapper" */;
			productName = SwiftKeychainWrapper;
		};
/* End XCSwiftPackageProductDependency section */
	};
	rootObject = CEC142FA2B1DF96F002A5C52 /* Project object */;
}
