// !$*UTF8*$!
{
	archiveVersion = 1;
	classes = {
	};
	objectVersion = 56;
	objects = {

/* Begin PBXBuildFile section */
		CE0763AB2B4C40D700F5F9D3 /* SingleImageViewController.swift in Sources */ = {isa = PBXBuildFile; fileRef = CE0763AA2B4C40D700F5F9D3 /* SingleImageViewController.swift */; };
		CE133E062B3D6EFC000957DA /* ProfileViewController.swift in Sources */ = {isa = PBXBuildFile; fileRef = CE133E052B3D6EFC000957DA /* ProfileViewController.swift */; };
		CEC143062B1DF96F002A5C52 /* AppDelegate.swift in Sources */ = {isa = PBXBuildFile; fileRef = CEC143052B1DF96F002A5C52 /* AppDelegate.swift */; };
		CEC143082B1DF96F002A5C52 /* SceneDelegate.swift in Sources */ = {isa = PBXBuildFile; fileRef = CEC143072B1DF96F002A5C52 /* SceneDelegate.swift */; };
		CEC1430A2B1DF96F002A5C52 /* ImagesListViewController.swift in Sources */ = {isa = PBXBuildFile; fileRef = CEC143092B1DF96F002A5C52 /* ImagesListViewController.swift */; };
		CEC1430D2B1DF96F002A5C52 /* Main.storyboard in Resources */ = {isa = PBXBuildFile; fileRef = CEC1430B2B1DF96F002A5C52 /* Main.storyboard */; };
		CEC1430F2B1DF972002A5C52 /* Assets.xcassets in Resources */ = {isa = PBXBuildFile; fileRef = CEC1430E2B1DF972002A5C52 /* Assets.xcassets */; };
		CEC143122B1DF972002A5C52 /* LaunchScreen.storyboard in Resources */ = {isa = PBXBuildFile; fileRef = CEC143102B1DF972002A5C52 /* LaunchScreen.storyboard */; };
		CEC1431D2B1DF973002A5C52 /* ImageFeedTests.swift in Sources */ = {isa = PBXBuildFile; fileRef = CEC1431C2B1DF973002A5C52 /* ImageFeedTests.swift */; };
		CEC143272B1DF973002A5C52 /* ImageFeedUITests.swift in Sources */ = {isa = PBXBuildFile; fileRef = CEC143262B1DF973002A5C52 /* ImageFeedUITests.swift */; };
		CEC143292B1DF973002A5C52 /* ImageFeedUITestsLaunchTests.swift in Sources */ = {isa = PBXBuildFile; fileRef = CEC143282B1DF973002A5C52 /* ImageFeedUITestsLaunchTests.swift */; };
		CED5E4FA2B28A56F00CBC5EF /* ImagesListCell.swift in Sources */ = {isa = PBXBuildFile; fileRef = CED5E4F92B28A56F00CBC5EF /* ImagesListCell.swift */; };
/* End PBXBuildFile section */

/* Begin PBXContainerItemProxy section */
		CEC143192B1DF973002A5C52 /* PBXContainerItemProxy */ = {
			isa = PBXContainerItemProxy;
			containerPortal = CEC142FA2B1DF96F002A5C52 /* Project object */;
			proxyType = 1;
			remoteGlobalIDString = CEC143012B1DF96F002A5C52;
			remoteInfo = ImageFeed;
		};
		CEC143232B1DF973002A5C52 /* PBXContainerItemProxy */ = {
			isa = PBXContainerItemProxy;
			containerPortal = CEC142FA2B1DF96F002A5C52 /* Project object */;
			proxyType = 1;
			remoteGlobalIDString = CEC143012B1DF96F002A5C52;
			remoteInfo = ImageFeed;
		};
/* End PBXContainerItemProxy section */

/* Begin PBXFileReference section */
		CE0763AA2B4C40D700F5F9D3 /* SingleImageViewController.swift */ = {isa = PBXFileReference; lastKnownFileType = sourcecode.swift; path = SingleImageViewController.swift; sourceTree = "<group>"; };
		CE133E052B3D6EFC000957DA /* ProfileViewController.swift */ = {isa = PBXFileReference; lastKnownFileType = sourcecode.swift; path = ProfileViewController.swift; sourceTree = "<group>"; };
		CEC143022B1DF96F002A5C52 /* ImageFeed.app */ = {isa = PBXFileReference; explicitFileType = wrapper.application; includeInIndex = 0; path = ImageFeed.app; sourceTree = BUILT_PRODUCTS_DIR; };
		CEC143052B1DF96F002A5C52 /* AppDelegate.swift */ = {isa = PBXFileReference; lastKnownFileType = sourcecode.swift; path = AppDelegate.swift; sourceTree = "<group>"; };
		CEC143072B1DF96F002A5C52 /* SceneDelegate.swift */ = {isa = PBXFileReference; lastKnownFileType = sourcecode.swift; path = SceneDelegate.swift; sourceTree = "<group>"; };
		CEC143092B1DF96F002A5C52 /* ImagesListViewController.swift */ = {isa = PBXFileReference; lastKnownFileType = sourcecode.swift; path = ImagesListViewController.swift; sourceTree = "<group>"; };
		CEC1430C2B1DF96F002A5C52 /* Base */ = {isa = PBXFileReference; lastKnownFileType = file.storyboard; name = Base; path = Base.lproj/Main.storyboard; sourceTree = "<group>"; };
		CEC1430E2B1DF972002A5C52 /* Assets.xcassets */ = {isa = PBXFileReference; lastKnownFileType = folder.assetcatalog; path = Assets.xcassets; sourceTree = "<group>"; };
		CEC143112B1DF972002A5C52 /* Base */ = {isa = PBXFileReference; lastKnownFileType = file.storyboard; name = Base; path = Base.lproj/LaunchScreen.storyboard; sourceTree = "<group>"; };
		CEC143132B1DF972002A5C52 /* Info.plist */ = {isa = PBXFileReference; lastKnownFileType = text.plist.xml; path = Info.plist; sourceTree = "<group>"; };
		CEC143182B1DF973002A5C52 /* ImageFeedTests.xctest */ = {isa = PBXFileReference; explicitFileType = wrapper.cfbundle; includeInIndex = 0; path = ImageFeedTests.xctest; sourceTree = BUILT_PRODUCTS_DIR; };
		CEC1431C2B1DF973002A5C52 /* ImageFeedTests.swift */ = {isa = PBXFileReference; lastKnownFileType = sourcecode.swift; path = ImageFeedTests.swift; sourceTree = "<group>"; };
		CEC143222B1DF973002A5C52 /* ImageFeedUITests.xctest */ = {isa = PBXFileReference; explicitFileType = wrapper.cfbundle; includeInIndex = 0; path = ImageFeedUITests.xctest; sourceTree = BUILT_PRODUCTS_DIR; };
		CEC143262B1DF973002A5C52 /* ImageFeedUITests.swift */ = {isa = PBXFileReference; lastKnownFileType = sourcecode.swift; path = ImageFeedUITests.swift; sourceTree = "<group>"; };
		CEC143282B1DF973002A5C52 /* ImageFeedUITestsLaunchTests.swift */ = {isa = PBXFileReference; lastKnownFileType = sourcecode.swift; path = ImageFeedUITestsLaunchTests.swift; sourceTree = "<group>"; };
		CED5E4F92B28A56F00CBC5EF /* ImagesListCell.swift */ = {isa = PBXFileReference; lastKnownFileType = sourcecode.swift; path = ImagesListCell.swift; sourceTree = "<group>"; };
/* End PBXFileReference section */

/* Begin PBXFrameworksBuildPhase section */
		CEC142FF2B1DF96F002A5C52 /* Frameworks */ = {
			isa = PBXFrameworksBuildPhase;
			buildActionMask = 2147483647;
			files = (
			);
			runOnlyForDeploymentPostprocessing = 0;
		};
		CEC143152B1DF973002A5C52 /* Frameworks */ = {
			isa = PBXFrameworksBuildPhase;
			buildActionMask = 2147483647;
			files = (
			);
			runOnlyForDeploymentPostprocessing = 0;
		};
		CEC1431F2B1DF973002A5C52 /* Frameworks */ = {
			isa = PBXFrameworksBuildPhase;
			buildActionMask = 2147483647;
			files = (
			);
			runOnlyForDeploymentPostprocessing = 0;
		};
/* End PBXFrameworksBuildPhase section */

/* Begin PBXGroup section */
		CE0763AC2B4DAB0F00F5F9D3 /* SingleImageViewController */ = {
			isa = PBXGroup;
			children = (
				CE0763AA2B4C40D700F5F9D3 /* SingleImageViewController.swift */,
			);
			path = SingleImageViewController;
			sourceTree = "<group>";
		};
		CE133E092B3D7300000957DA /* Profile */ = {
			isa = PBXGroup;
			children = (
				CE133E052B3D6EFC000957DA /* ProfileViewController.swift */,
			);
			path = Profile;
			sourceTree = "<group>";
		};
		CEC142F92B1DF96F002A5C52 = {
			isa = PBXGroup;
			children = (
				CEC143042B1DF96F002A5C52 /* ImageFeed */,
				CEC1431B2B1DF973002A5C52 /* ImageFeedTests */,
				CEC143252B1DF973002A5C52 /* ImageFeedUITests */,
				CEC143032B1DF96F002A5C52 /* Products */,
			);
			sourceTree = "<group>";
		};
		CEC143032B1DF96F002A5C52 /* Products */ = {
			isa = PBXGroup;
			children = (
				CEC143022B1DF96F002A5C52 /* ImageFeed.app */,
				CEC143182B1DF973002A5C52 /* ImageFeedTests.xctest */,
				CEC143222B1DF973002A5C52 /* ImageFeedUITests.xctest */,
			);
			name = Products;
			sourceTree = "<group>";
		};
		CEC143042B1DF96F002A5C52 /* ImageFeed */ = {
			isa = PBXGroup;
			children = (
				CEC143052B1DF96F002A5C52 /* AppDelegate.swift */,
				CEC143072B1DF96F002A5C52 /* SceneDelegate.swift */,
				CE133E092B3D7300000957DA /* Profile */,
				CED5E4FB2B28A58100CBC5EF /* ImagesList */,
				CE0763AC2B4DAB0F00F5F9D3 /* SingleImageViewController */,
				CEC1430B2B1DF96F002A5C52 /* Main.storyboard */,
				CEC1430E2B1DF972002A5C52 /* Assets.xcassets */,
				CEC143102B1DF972002A5C52 /* LaunchScreen.storyboard */,
				CEC143132B1DF972002A5C52 /* Info.plist */,
			);
			path = ImageFeed;
			sourceTree = "<group>";
		};
		CEC1431B2B1DF973002A5C52 /* ImageFeedTests */ = {
			isa = PBXGroup;
			children = (
				CEC1431C2B1DF973002A5C52 /* ImageFeedTests.swift */,
			);
			path = ImageFeedTests;
			sourceTree = "<group>";
		};
		CEC143252B1DF973002A5C52 /* ImageFeedUITests */ = {
			isa = PBXGroup;
			children = (
				CEC143262B1DF973002A5C52 /* ImageFeedUITests.swift */,
				CEC143282B1DF973002A5C52 /* ImageFeedUITestsLaunchTests.swift */,
			);
			path = ImageFeedUITests;
			sourceTree = "<group>";
		};
		CED5E4FB2B28A58100CBC5EF /* ImagesList */ = {
			isa = PBXGroup;
			children = (
				CEC143092B1DF96F002A5C52 /* ImagesListViewController.swift */,
				CED5E4F92B28A56F00CBC5EF /* ImagesListCell.swift */,
			);
			path = ImagesList;
			sourceTree = "<group>";
		};
/* End PBXGroup section */

/* Begin PBXNativeTarget section */
		CEC143012B1DF96F002A5C52 /* ImageFeed */ = {
			isa = PBXNativeTarget;
			buildConfigurationList = CEC1432C2B1DF973002A5C52 /* Build configuration list for PBXNativeTarget "ImageFeed" */;
			buildPhases = (
				CEC142FE2B1DF96F002A5C52 /* Sources */,
				CEC142FF2B1DF96F002A5C52 /* Frameworks */,
				CEC143002B1DF96F002A5C52 /* Resources */,
			);
			buildRules = (
			);
			dependencies = (
			);
			name = ImageFeed;
			productName = ImageFeed;
			productReference = CEC143022B1DF96F002A5C52 /* ImageFeed.app */;
			productType = "com.apple.product-type.application";
		};
		CEC143172B1DF973002A5C52 /* ImageFeedTests */ = {
			isa = PBXNativeTarget;
			buildConfigurationList = CEC1432F2B1DF973002A5C52 /* Build configuration list for PBXNativeTarget "ImageFeedTests" */;
			buildPhases = (
				CEC143142B1DF973002A5C52 /* Sources */,
				CEC143152B1DF973002A5C52 /* Frameworks */,
				CEC143162B1DF973002A5C52 /* Resources */,
			);
			buildRules = (
			);
			dependencies = (
				CEC1431A2B1DF973002A5C52 /* PBXTargetDependency */,
			);
			name = ImageFeedTests;
			productName = ImageFeedTests;
			productReference = CEC143182B1DF973002A5C52 /* ImageFeedTests.xctest */;
			productType = "com.apple.product-type.bundle.unit-test";
		};
		CEC143212B1DF973002A5C52 /* ImageFeedUITests */ = {
			isa = PBXNativeTarget;
			buildConfigurationList = CEC143322B1DF973002A5C52 /* Build configuration list for PBXNativeTarget "ImageFeedUITests" */;
			buildPhases = (
				CEC1431E2B1DF973002A5C52 /* Sources */,
				CEC1431F2B1DF973002A5C52 /* Frameworks */,
				CEC143202B1DF973002A5C52 /* Resources */,
			);
			buildRules = (
			);
			dependencies = (
				CEC143242B1DF973002A5C52 /* PBXTargetDependency */,
			);
			name = ImageFeedUITests;
			productName = ImageFeedUITests;
			productReference = CEC143222B1DF973002A5C52 /* ImageFeedUITests.xctest */;
			productType = "com.apple.product-type.bundle.ui-testing";
		};
/* End PBXNativeTarget section */

/* Begin PBXProject section */
		CEC142FA2B1DF96F002A5C52 /* Project object */ = {
			isa = PBXProject;
			attributes = {
				BuildIndependentTargetsInParallel = 1;
				LastSwiftUpdateCheck = 1500;
				LastUpgradeCheck = 1500;
				TargetAttributes = {
					CEC143012B1DF96F002A5C52 = {
						CreatedOnToolsVersion = 15.0;
					};
					CEC143172B1DF973002A5C52 = {
						CreatedOnToolsVersion = 15.0;
						TestTargetID = CEC143012B1DF96F002A5C52;
					};
					CEC143212B1DF973002A5C52 = {
						CreatedOnToolsVersion = 15.0;
						TestTargetID = CEC143012B1DF96F002A5C52;
					};
				};
			};
			buildConfigurationList = CEC142FD2B1DF96F002A5C52 /* Build configuration list for PBXProject "ImageFeed" */;
			compatibilityVersion = "Xcode 14.0";
			developmentRegion = en;
			hasScannedForEncodings = 0;
			knownRegions = (
				en,
				Base,
			);
			mainGroup = CEC142F92B1DF96F002A5C52;
			productRefGroup = CEC143032B1DF96F002A5C52 /* Products */;
			projectDirPath = "";
			projectRoot = "";
			targets = (
				CEC143012B1DF96F002A5C52 /* ImageFeed */,
				CEC143172B1DF973002A5C52 /* ImageFeedTests */,
				CEC143212B1DF973002A5C52 /* ImageFeedUITests */,
			);
		};
/* End PBXProject section */

/* Begin PBXResourcesBuildPhase section */
		CEC143002B1DF96F002A5C52 /* Resources */ = {
			isa = PBXResourcesBuildPhase;
			buildActionMask = 2147483647;
			files = (
				CEC143122B1DF972002A5C52 /* LaunchScreen.storyboard in Resources */,
				CEC1430F2B1DF972002A5C52 /* Assets.xcassets in Resources */,
				CEC1430D2B1DF96F002A5C52 /* Main.storyboard in Resources */,
			);
			runOnlyForDeploymentPostprocessing = 0;
		};
		CEC143162B1DF973002A5C52 /* Resources */ = {
			isa = PBXResourcesBuildPhase;
			buildActionMask = 2147483647;
			files = (
			);
			runOnlyForDeploymentPostprocessing = 0;
		};
		CEC143202B1DF973002A5C52 /* Resources */ = {
			isa = PBXResourcesBuildPhase;
			buildActionMask = 2147483647;
			files = (
			);
			runOnlyForDeploymentPostprocessing = 0;
		};
/* End PBXResourcesBuildPhase section */

/* Begin PBXSourcesBuildPhase section */
		CEC142FE2B1DF96F002A5C52 /* Sources */ = {
			isa = PBXSourcesBuildPhase;
			buildActionMask = 2147483647;
			files = (
				CEC1430A2B1DF96F002A5C52 /* ImagesListViewController.swift in Sources */,
				CED5E4FA2B28A56F00CBC5EF /* ImagesListCell.swift in Sources */,
				CE133E062B3D6EFC000957DA /* ProfileViewController.swift in Sources */,
				CEC143062B1DF96F002A5C52 /* AppDelegate.swift in Sources */,
				CE0763AB2B4C40D700F5F9D3 /* SingleImageViewController.swift in Sources */,
				CEC143082B1DF96F002A5C52 /* SceneDelegate.swift in Sources */,
			);
			runOnlyForDeploymentPostprocessing = 0;
		};
		CEC143142B1DF973002A5C52 /* Sources */ = {
			isa = PBXSourcesBuildPhase;
			buildActionMask = 2147483647;
			files = (
				CEC1431D2B1DF973002A5C52 /* ImageFeedTests.swift in Sources */,
			);
			runOnlyForDeploymentPostprocessing = 0;
		};
		CEC1431E2B1DF973002A5C52 /* Sources */ = {
			isa = PBXSourcesBuildPhase;
			buildActionMask = 2147483647;
			files = (
				CEC143292B1DF973002A5C52 /* ImageFeedUITestsLaunchTests.swift in Sources */,
				CEC143272B1DF973002A5C52 /* ImageFeedUITests.swift in Sources */,
			);
			runOnlyForDeploymentPostprocessing = 0;
		};
/* End PBXSourcesBuildPhase section */

/* Begin PBXTargetDependency section */
		CEC1431A2B1DF973002A5C52 /* PBXTargetDependency */ = {
			isa = PBXTargetDependency;
			target = CEC143012B1DF96F002A5C52 /* ImageFeed */;
			targetProxy = CEC143192B1DF973002A5C52 /* PBXContainerItemProxy */;
		};
		CEC143242B1DF973002A5C52 /* PBXTargetDependency */ = {
			isa = PBXTargetDependency;
			target = CEC143012B1DF96F002A5C52 /* ImageFeed */;
			targetProxy = CEC143232B1DF973002A5C52 /* PBXContainerItemProxy */;
		};
/* End PBXTargetDependency section */

/* Begin PBXVariantGroup section */
		CEC1430B2B1DF96F002A5C52 /* Main.storyboard */ = {
			isa = PBXVariantGroup;
			children = (
				CEC1430C2B1DF96F002A5C52 /* Base */,
			);
			name = Main.storyboard;
			sourceTree = "<group>";
		};
		CEC143102B1DF972002A5C52 /* LaunchScreen.storyboard */ = {
			isa = PBXVariantGroup;
			children = (
				CEC143112B1DF972002A5C52 /* Base */,
			);
			name = LaunchScreen.storyboard;
			sourceTree = "<group>";
		};
/* End PBXVariantGroup section */

/* Begin XCBuildConfiguration section */
		CEC1432A2B1DF973002A5C52 /* Debug */ = {
			isa = XCBuildConfiguration;
			buildSettings = {
				ALWAYS_SEARCH_USER_PATHS = NO;
				ASSETCATALOG_COMPILER_GENERATE_SWIFT_ASSET_SYMBOL_EXTENSIONS = YES;
				CLANG_ANALYZER_NONNULL = YES;
				CLANG_ANALYZER_NUMBER_OBJECT_CONVERSION = YES_AGGRESSIVE;
				CLANG_CXX_LANGUAGE_STANDARD = "gnu++20";
				CLANG_ENABLE_MODULES = YES;
				CLANG_ENABLE_OBJC_ARC = YES;
				CLANG_ENABLE_OBJC_WEAK = YES;
				CLANG_WARN_BLOCK_CAPTURE_AUTORELEASING = YES;
				CLANG_WARN_BOOL_CONVERSION = YES;
				CLANG_WARN_COMMA = YES;
				CLANG_WARN_CONSTANT_CONVERSION = YES;
				CLANG_WARN_DEPRECATED_OBJC_IMPLEMENTATIONS = YES;
				CLANG_WARN_DIRECT_OBJC_ISA_USAGE = YES_ERROR;
				CLANG_WARN_DOCUMENTATION_COMMENTS = YES;
				CLANG_WARN_EMPTY_BODY = YES;
				CLANG_WARN_ENUM_CONVERSION = YES;
				CLANG_WARN_INFINITE_RECURSION = YES;
				CLANG_WARN_INT_CONVERSION = YES;
				CLANG_WARN_NON_LITERAL_NULL_CONVERSION = YES;
				CLANG_WARN_OBJC_IMPLICIT_RETAIN_SELF = YES;
				CLANG_WARN_OBJC_LITERAL_CONVERSION = YES;
				CLANG_WARN_OBJC_ROOT_CLASS = YES_ERROR;
				CLANG_WARN_QUOTED_INCLUDE_IN_FRAMEWORK_HEADER = YES;
				CLANG_WARN_RANGE_LOOP_ANALYSIS = YES;
				CLANG_WARN_STRICT_PROTOTYPES = YES;
				CLANG_WARN_SUSPICIOUS_MOVE = YES;
				CLANG_WARN_UNGUARDED_AVAILABILITY = YES_AGGRESSIVE;
				CLANG_WARN_UNREACHABLE_CODE = YES;
				CLANG_WARN__DUPLICATE_METHOD_MATCH = YES;
				COPY_PHASE_STRIP = NO;
				DEBUG_INFORMATION_FORMAT = dwarf;
				ENABLE_STRICT_OBJC_MSGSEND = YES;
				ENABLE_TESTABILITY = YES;
				ENABLE_USER_SCRIPT_SANDBOXING = YES;
				GCC_C_LANGUAGE_STANDARD = gnu17;
				GCC_DYNAMIC_NO_PIC = NO;
				GCC_NO_COMMON_BLOCKS = YES;
				GCC_OPTIMIZATION_LEVEL = 0;
				GCC_PREPROCESSOR_DEFINITIONS = (
					"DEBUG=1",
					"$(inherited)",
				);
				GCC_WARN_64_TO_32_BIT_CONVERSION = YES;
				GCC_WARN_ABOUT_RETURN_TYPE = YES_ERROR;
				GCC_WARN_UNDECLARED_SELECTOR = YES;
				GCC_WARN_UNINITIALIZED_AUTOS = YES_AGGRESSIVE;
				GCC_WARN_UNUSED_FUNCTION = YES;
				GCC_WARN_UNUSED_VARIABLE = YES;
				IPHONEOS_DEPLOYMENT_TARGET = 13.0;
				LOCALIZATION_PREFERS_STRING_CATALOGS = YES;
				MTL_ENABLE_DEBUG_INFO = INCLUDE_SOURCE;
				MTL_FAST_MATH = YES;
				ONLY_ACTIVE_ARCH = YES;
				SDKROOT = iphoneos;
				SWIFT_ACTIVE_COMPILATION_CONDITIONS = "DEBUG $(inherited)";
				SWIFT_OPTIMIZATION_LEVEL = "-Onone";
			};
			name = Debug;
		};
		CEC1432B2B1DF973002A5C52 /* Release */ = {
			isa = XCBuildConfiguration;
			buildSettings = {
				ALWAYS_SEARCH_USER_PATHS = NO;
				ASSETCATALOG_COMPILER_GENERATE_SWIFT_ASSET_SYMBOL_EXTENSIONS = YES;
				CLANG_ANALYZER_NONNULL = YES;
				CLANG_ANALYZER_NUMBER_OBJECT_CONVERSION = YES_AGGRESSIVE;
				CLANG_CXX_LANGUAGE_STANDARD = "gnu++20";
				CLANG_ENABLE_MODULES = YES;
				CLANG_ENABLE_OBJC_ARC = YES;
				CLANG_ENABLE_OBJC_WEAK = YES;
				CLANG_WARN_BLOCK_CAPTURE_AUTORELEASING = YES;
				CLANG_WARN_BOOL_CONVERSION = YES;
				CLANG_WARN_COMMA = YES;
				CLANG_WARN_CONSTANT_CONVERSION = YES;
				CLANG_WARN_DEPRECATED_OBJC_IMPLEMENTATIONS = YES;
				CLANG_WARN_DIRECT_OBJC_ISA_USAGE = YES_ERROR;
				CLANG_WARN_DOCUMENTATION_COMMENTS = YES;
				CLANG_WARN_EMPTY_BODY = YES;
				CLANG_WARN_ENUM_CONVERSION = YES;
				CLANG_WARN_INFINITE_RECURSION = YES;
				CLANG_WARN_INT_CONVERSION = YES;
				CLANG_WARN_NON_LITERAL_NULL_CONVERSION = YES;
				CLANG_WARN_OBJC_IMPLICIT_RETAIN_SELF = YES;
				CLANG_WARN_OBJC_LITERAL_CONVERSION = YES;
				CLANG_WARN_OBJC_ROOT_CLASS = YES_ERROR;
				CLANG_WARN_QUOTED_INCLUDE_IN_FRAMEWORK_HEADER = YES;
				CLANG_WARN_RANGE_LOOP_ANALYSIS = YES;
				CLANG_WARN_STRICT_PROTOTYPES = YES;
				CLANG_WARN_SUSPICIOUS_MOVE = YES;
				CLANG_WARN_UNGUARDED_AVAILABILITY = YES_AGGRESSIVE;
				CLANG_WARN_UNREACHABLE_CODE = YES;
				CLANG_WARN__DUPLICATE_METHOD_MATCH = YES;
				COPY_PHASE_STRIP = NO;
				DEBUG_INFORMATION_FORMAT = "dwarf-with-dsym";
				ENABLE_NS_ASSERTIONS = NO;
				ENABLE_STRICT_OBJC_MSGSEND = YES;
				ENABLE_USER_SCRIPT_SANDBOXING = YES;
				GCC_C_LANGUAGE_STANDARD = gnu17;
				GCC_NO_COMMON_BLOCKS = YES;
				GCC_WARN_64_TO_32_BIT_CONVERSION = YES;
				GCC_WARN_ABOUT_RETURN_TYPE = YES_ERROR;
				GCC_WARN_UNDECLARED_SELECTOR = YES;
				GCC_WARN_UNINITIALIZED_AUTOS = YES_AGGRESSIVE;
				GCC_WARN_UNUSED_FUNCTION = YES;
				GCC_WARN_UNUSED_VARIABLE = YES;
				IPHONEOS_DEPLOYMENT_TARGET = 13.0;
				LOCALIZATION_PREFERS_STRING_CATALOGS = YES;
				MTL_ENABLE_DEBUG_INFO = NO;
				MTL_FAST_MATH = YES;
				SDKROOT = iphoneos;
				SWIFT_COMPILATION_MODE = wholemodule;
				VALIDATE_PRODUCT = YES;
			};
			name = Release;
		};
		CEC1432D2B1DF973002A5C52 /* Debug */ = {
			isa = XCBuildConfiguration;
			buildSettings = {
				ASSETCATALOG_COMPILER_APPICON_NAME = AppIcon;
				ASSETCATALOG_COMPILER_GLOBAL_ACCENT_COLOR_NAME = AccentColor;
				CODE_SIGN_STYLE = Automatic;
				CURRENT_PROJECT_VERSION = 1;
				DEVELOPMENT_TEAM = 26HZCYGBR2;
				GENERATE_INFOPLIST_FILE = YES;
				INFOPLIST_FILE = ImageFeed/Info.plist;
				INFOPLIST_KEY_UIApplicationSupportsIndirectInputEvents = YES;
				INFOPLIST_KEY_UILaunchStoryboardName = LaunchScreen;
				INFOPLIST_KEY_UIMainStoryboardFile = Main;
				INFOPLIST_KEY_UISupportedInterfaceOrientations_iPhone = UIInterfaceOrientationPortrait;
				LD_RUNPATH_SEARCH_PATHS = (
					"$(inherited)",
					"@executable_path/Frameworks",
				);
				MARKETING_VERSION = 1.0;
				PRODUCT_BUNDLE_IDENTIFIER = ru.IlyaGrevtsov.ImageFeed;
				PRODUCT_NAME = "$(TARGET_NAME)";
				SUPPORTED_PLATFORMS = "iphoneos iphonesimulator";
				SUPPORTS_MACCATALYST = NO;
				SUPPORTS_MAC_DESIGNED_FOR_IPHONE_IPAD = NO;
				SWIFT_EMIT_LOC_STRINGS = YES;
				SWIFT_VERSION = 5.0;
				TARGETED_DEVICE_FAMILY = 1;
			};
			name = Debug;
		};
		CEC1432E2B1DF973002A5C52 /* Release */ = {
			isa = XCBuildConfiguration;
			buildSettings = {
				ASSETCATALOG_COMPILER_APPICON_NAME = AppIcon;
				ASSETCATALOG_COMPILER_GLOBAL_ACCENT_COLOR_NAME = AccentColor;
				CODE_SIGN_STYLE = Automatic;
				CURRENT_PROJECT_VERSION = 1;
				DEVELOPMENT_TEAM = 26HZCYGBR2;
				GENERATE_INFOPLIST_FILE = YES;
				INFOPLIST_FILE = ImageFeed/Info.plist;
				INFOPLIST_KEY_UIApplicationSupportsIndirectInputEvents = YES;
				INFOPLIST_KEY_UILaunchStoryboardName = LaunchScreen;
				INFOPLIST_KEY_UIMainStoryboardFile = Main;
				INFOPLIST_KEY_UISupportedInterfaceOrientations_iPhone = UIInterfaceOrientationPortrait;
				LD_RUNPATH_SEARCH_PATHS = (
					"$(inherited)",
					"@executable_path/Frameworks",
				);
				MARKETING_VERSION = 1.0;
				PRODUCT_BUNDLE_IDENTIFIER = ru.IlyaGrevtsov.ImageFeed;
				PRODUCT_NAME = "$(TARGET_NAME)";
				SUPPORTED_PLATFORMS = "iphoneos iphonesimulator";
				SUPPORTS_MACCATALYST = NO;
				SUPPORTS_MAC_DESIGNED_FOR_IPHONE_IPAD = NO;
				SWIFT_EMIT_LOC_STRINGS = YES;
				SWIFT_VERSION = 5.0;
				TARGETED_DEVICE_FAMILY = 1;
			};
			name = Release;
		};
		CEC143302B1DF973002A5C52 /* Debug */ = {
			isa = XCBuildConfiguration;
			buildSettings = {
				ALWAYS_EMBED_SWIFT_STANDARD_LIBRARIES = YES;
				BUNDLE_LOADER = "$(TEST_HOST)";
				CODE_SIGN_STYLE = Automatic;
				CURRENT_PROJECT_VERSION = 1;
				DEVELOPMENT_TEAM = 26HZCYGBR2;
				GENERATE_INFOPLIST_FILE = YES;
				IPHONEOS_DEPLOYMENT_TARGET = 17.0;
				MARKETING_VERSION = 1.0;
				PRODUCT_BUNDLE_IDENTIFIER = ru.IlyaGrevtsov.ImageFeedTests;
				PRODUCT_NAME = "$(TARGET_NAME)";
				SWIFT_EMIT_LOC_STRINGS = NO;
				SWIFT_VERSION = 5.0;
				TARGETED_DEVICE_FAMILY = "1,2";
				TEST_HOST = "$(BUILT_PRODUCTS_DIR)/ImageFeed.app/$(BUNDLE_EXECUTABLE_FOLDER_PATH)/ImageFeed";
			};
			name = Debug;
		};
		CEC143312B1DF973002A5C52 /* Release */ = {
			isa = XCBuildConfiguration;
			buildSettings = {
				ALWAYS_EMBED_SWIFT_STANDARD_LIBRARIES = YES;
				BUNDLE_LOADER = "$(TEST_HOST)";
				CODE_SIGN_STYLE = Automatic;
				CURRENT_PROJECT_VERSION = 1;
				DEVELOPMENT_TEAM = 26HZCYGBR2;
				GENERATE_INFOPLIST_FILE = YES;
				IPHONEOS_DEPLOYMENT_TARGET = 17.0;
				MARKETING_VERSION = 1.0;
				PRODUCT_BUNDLE_IDENTIFIER = ru.IlyaGrevtsov.ImageFeedTests;
				PRODUCT_NAME = "$(TARGET_NAME)";
				SWIFT_EMIT_LOC_STRINGS = NO;
				SWIFT_VERSION = 5.0;
				TARGETED_DEVICE_FAMILY = "1,2";
				TEST_HOST = "$(BUILT_PRODUCTS_DIR)/ImageFeed.app/$(BUNDLE_EXECUTABLE_FOLDER_PATH)/ImageFeed";
			};
			name = Release;
		};
		CEC143332B1DF973002A5C52 /* Debug */ = {
			isa = XCBuildConfiguration;
			buildSettings = {
				ALWAYS_EMBED_SWIFT_STANDARD_LIBRARIES = YES;
				CODE_SIGN_STYLE = Automatic;
				CURRENT_PROJECT_VERSION = 1;
				DEVELOPMENT_TEAM = 26HZCYGBR2;
				GENERATE_INFOPLIST_FILE = YES;
				MARKETING_VERSION = 1.0;
				PRODUCT_BUNDLE_IDENTIFIER = ru.IlyaGrevtsov.ImageFeedUITests;
				PRODUCT_NAME = "$(TARGET_NAME)";
				SWIFT_EMIT_LOC_STRINGS = NO;
				SWIFT_VERSION = 5.0;
				TARGETED_DEVICE_FAMILY = "1,2";
				TEST_TARGET_NAME = ImageFeed;
			};
			name = Debug;
		};
		CEC143342B1DF973002A5C52 /* Release */ = {
			isa = XCBuildConfiguration;
			buildSettings = {
				ALWAYS_EMBED_SWIFT_STANDARD_LIBRARIES = YES;
				CODE_SIGN_STYLE = Automatic;
				CURRENT_PROJECT_VERSION = 1;
				DEVELOPMENT_TEAM = 26HZCYGBR2;
				GENERATE_INFOPLIST_FILE = YES;
				MARKETING_VERSION = 1.0;
				PRODUCT_BUNDLE_IDENTIFIER = ru.IlyaGrevtsov.ImageFeedUITests;
				PRODUCT_NAME = "$(TARGET_NAME)";
				SWIFT_EMIT_LOC_STRINGS = NO;
				SWIFT_VERSION = 5.0;
				TARGETED_DEVICE_FAMILY = "1,2";
				TEST_TARGET_NAME = ImageFeed;
			};
			name = Release;
		};
/* End XCBuildConfiguration section */

/* Begin XCConfigurationList section */
		CEC142FD2B1DF96F002A5C52 /* Build configuration list for PBXProject "ImageFeed" */ = {
			isa = XCConfigurationList;
			buildConfigurations = (
				CEC1432A2B1DF973002A5C52 /* Debug */,
				CEC1432B2B1DF973002A5C52 /* Release */,
			);
			defaultConfigurationIsVisible = 0;
			defaultConfigurationName = Release;
		};
		CEC1432C2B1DF973002A5C52 /* Build configuration list for PBXNativeTarget "ImageFeed" */ = {
			isa = XCConfigurationList;
			buildConfigurations = (
				CEC1432D2B1DF973002A5C52 /* Debug */,
				CEC1432E2B1DF973002A5C52 /* Release */,
			);
			defaultConfigurationIsVisible = 0;
			defaultConfigurationName = Release;
		};
		CEC1432F2B1DF973002A5C52 /* Build configuration list for PBXNativeTarget "ImageFeedTests" */ = {
			isa = XCConfigurationList;
			buildConfigurations = (
				CEC143302B1DF973002A5C52 /* Debug */,
				CEC143312B1DF973002A5C52 /* Release */,
			);
			defaultConfigurationIsVisible = 0;
			defaultConfigurationName = Release;
		};
		CEC143322B1DF973002A5C52 /* Build configuration list for PBXNativeTarget "ImageFeedUITests" */ = {
			isa = XCConfigurationList;
			buildConfigurations = (
				CEC143332B1DF973002A5C52 /* Debug */,
				CEC143342B1DF973002A5C52 /* Release */,
			);
			defaultConfigurationIsVisible = 0;
			defaultConfigurationName = Release;
		};
/* End XCConfigurationList section */
	};
	rootObject = CEC142FA2B1DF96F002A5C52 /* Project object */;
}
